// !$*UTF8*$!
{
	archiveVersion = 1;
	classes = {
	};
	objectVersion = 48;
	objects = {

/* Begin PBXBuildFile section */
		3DB2E621206E2640001A07CB /* AppDelegate.m in Sources */ = {isa = PBXBuildFile; fileRef = 3DB2E620206E2640001A07CB /* AppDelegate.m */; };
		3DB2E624206E2640001A07CB /* ViewController.m in Sources */ = {isa = PBXBuildFile; fileRef = 3DB2E623206E2640001A07CB /* ViewController.m */; };
		3DB2E627206E2640001A07CB /* Main.storyboard in Resources */ = {isa = PBXBuildFile; fileRef = 3DB2E625206E2640001A07CB /* Main.storyboard */; };
		3DB2E629206E2640001A07CB /* Assets.xcassets in Resources */ = {isa = PBXBuildFile; fileRef = 3DB2E628206E2640001A07CB /* Assets.xcassets */; };
		3DB2E62C206E2640001A07CB /* LaunchScreen.storyboard in Resources */ = {isa = PBXBuildFile; fileRef = 3DB2E62A206E2640001A07CB /* LaunchScreen.storyboard */; };
		3DB2E62F206E2640001A07CB /* main.m in Sources */ = {isa = PBXBuildFile; fileRef = 3DB2E62E206E2640001A07CB /* main.m */; };
		3DB2E638206E26BE001A07CB /* HeroViewController.m in Sources */ = {isa = PBXBuildFile; fileRef = 3DB2E637206E26BE001A07CB /* HeroViewController.m */; };
		3DB2E63B206E2748001A07CB /* HeroModel.m in Sources */ = {isa = PBXBuildFile; fileRef = 3DB2E63A206E2748001A07CB /* HeroModel.m */; };
		3DB2E63E206E2916001A07CB /* HeroTableViewCell.m in Sources */ = {isa = PBXBuildFile; fileRef = 3DB2E63D206E2916001A07CB /* HeroTableViewCell.m */; };
		3DB2E641206E2A3C001A07CB /* HeroSkinViewController.m in Sources */ = {isa = PBXBuildFile; fileRef = 3DB2E640206E2A3C001A07CB /* HeroSkinViewController.m */; };
/* End PBXBuildFile section */

/* Begin PBXFileReference section */
		3DB2E61C206E2640001A07CB /* MoveTableView.app */ = {isa = PBXFileReference; explicitFileType = wrapper.application; includeInIndex = 0; path = MoveTableView.app; sourceTree = BUILT_PRODUCTS_DIR; };
		3DB2E61F206E2640001A07CB /* AppDelegate.h */ = {isa = PBXFileReference; lastKnownFileType = sourcecode.c.h; path = AppDelegate.h; sourceTree = "<group>"; };
		3DB2E620206E2640001A07CB /* AppDelegate.m */ = {isa = PBXFileReference; lastKnownFileType = sourcecode.c.objc; path = AppDelegate.m; sourceTree = "<group>"; };
		3DB2E622206E2640001A07CB /* ViewController.h */ = {isa = PBXFileReference; lastKnownFileType = sourcecode.c.h; path = ViewController.h; sourceTree = "<group>"; };
		3DB2E623206E2640001A07CB /* ViewController.m */ = {isa = PBXFileReference; lastKnownFileType = sourcecode.c.objc; path = ViewController.m; sourceTree = "<group>"; };
		3DB2E626206E2640001A07CB /* Base */ = {isa = PBXFileReference; lastKnownFileType = file.storyboard; name = Base; path = Base.lproj/Main.storyboard; sourceTree = "<group>"; };
		3DB2E628206E2640001A07CB /* Assets.xcassets */ = {isa = PBXFileReference; lastKnownFileType = folder.assetcatalog; path = Assets.xcassets; sourceTree = "<group>"; };
		3DB2E62B206E2640001A07CB /* Base */ = {isa = PBXFileReference; lastKnownFileType = file.storyboard; name = Base; path = Base.lproj/LaunchScreen.storyboard; sourceTree = "<group>"; };
		3DB2E62D206E2640001A07CB /* Info.plist */ = {isa = PBXFileReference; lastKnownFileType = text.plist.xml; path = Info.plist; sourceTree = "<group>"; };
		3DB2E62E206E2640001A07CB /* main.m */ = {isa = PBXFileReference; lastKnownFileType = sourcecode.c.objc; path = main.m; sourceTree = "<group>"; };
		3DB2E636206E26BE001A07CB /* HeroViewController.h */ = {isa = PBXFileReference; lastKnownFileType = sourcecode.c.h; path = HeroViewController.h; sourceTree = "<group>"; };
		3DB2E637206E26BE001A07CB /* HeroViewController.m */ = {isa = PBXFileReference; lastKnownFileType = sourcecode.c.objc; path = HeroViewController.m; sourceTree = "<group>"; };
		3DB2E639206E2748001A07CB /* HeroModel.h */ = {isa = PBXFileReference; lastKnownFileType = sourcecode.c.h; path = HeroModel.h; sourceTree = "<group>"; };
		3DB2E63A206E2748001A07CB /* HeroModel.m */ = {isa = PBXFileReference; lastKnownFileType = sourcecode.c.objc; path = HeroModel.m; sourceTree = "<group>"; };
		3DB2E63C206E2916001A07CB /* HeroTableViewCell.h */ = {isa = PBXFileReference; lastKnownFileType = sourcecode.c.h; path = HeroTableViewCell.h; sourceTree = "<group>"; };
		3DB2E63D206E2916001A07CB /* HeroTableViewCell.m */ = {isa = PBXFileReference; lastKnownFileType = sourcecode.c.objc; path = HeroTableViewCell.m; sourceTree = "<group>"; };
		3DB2E63F206E2A3C001A07CB /* HeroSkinViewController.h */ = {isa = PBXFileReference; lastKnownFileType = sourcecode.c.h; path = HeroSkinViewController.h; sourceTree = "<group>"; };
		3DB2E640206E2A3C001A07CB /* HeroSkinViewController.m */ = {isa = PBXFileReference; lastKnownFileType = sourcecode.c.objc; path = HeroSkinViewController.m; sourceTree = "<group>"; };
/* End PBXFileReference section */

/* Begin PBXFrameworksBuildPhase section */
		3DB2E619206E2640001A07CB /* Frameworks */ = {
			isa = PBXFrameworksBuildPhase;
			buildActionMask = 2147483647;
			files = (
			);
			runOnlyForDeploymentPostprocessing = 0;
		};
/* End PBXFrameworksBuildPhase section */

/* Begin PBXGroup section */
		3DB2E613206E2640001A07CB = {
			isa = PBXGroup;
			children = (
				3DB2E61E206E2640001A07CB /* MoveTableView */,
				3DB2E61D206E2640001A07CB /* Products */,
			);
			sourceTree = "<group>";
		};
		3DB2E61D206E2640001A07CB /* Products */ = {
			isa = PBXGroup;
			children = (
				3DB2E61C206E2640001A07CB /* MoveTableView.app */,
			);
			name = Products;
			sourceTree = "<group>";
		};
		3DB2E61E206E2640001A07CB /* MoveTableView */ = {
			isa = PBXGroup;
			children = (
				3DB2E635206E26A5001A07CB /* Hero */,
				3DB2E61F206E2640001A07CB /* AppDelegate.h */,
				3DB2E620206E2640001A07CB /* AppDelegate.m */,
				3DB2E622206E2640001A07CB /* ViewController.h */,
				3DB2E623206E2640001A07CB /* ViewController.m */,
				3DB2E625206E2640001A07CB /* Main.storyboard */,
				3DB2E628206E2640001A07CB /* Assets.xcassets */,
				3DB2E62A206E2640001A07CB /* LaunchScreen.storyboard */,
				3DB2E62D206E2640001A07CB /* Info.plist */,
				3DB2E62E206E2640001A07CB /* main.m */,
			);
			path = MoveTableView;
			sourceTree = "<group>";
		};
		3DB2E635206E26A5001A07CB /* Hero */ = {
			isa = PBXGroup;
			children = (
				3DB2E639206E2748001A07CB /* HeroModel.h */,
				3DB2E63A206E2748001A07CB /* HeroModel.m */,
				3DB2E63C206E2916001A07CB /* HeroTableViewCell.h */,
				3DB2E63D206E2916001A07CB /* HeroTableViewCell.m */,
				3DB2E636206E26BE001A07CB /* HeroViewController.h */,
				3DB2E637206E26BE001A07CB /* HeroViewController.m */,
				3DB2E63F206E2A3C001A07CB /* HeroSkinViewController.h */,
				3DB2E640206E2A3C001A07CB /* HeroSkinViewController.m */,
			);
			path = Hero;
			sourceTree = "<group>";
		};
/* End PBXGroup section */

/* Begin PBXNativeTarget section */
		3DB2E61B206E2640001A07CB /* MoveTableView */ = {
			isa = PBXNativeTarget;
			buildConfigurationList = 3DB2E632206E2640001A07CB /* Build configuration list for PBXNativeTarget "MoveTableView" */;
			buildPhases = (
				3DB2E618206E2640001A07CB /* Sources */,
				3DB2E619206E2640001A07CB /* Frameworks */,
				3DB2E61A206E2640001A07CB /* Resources */,
			);
			buildRules = (
			);
			dependencies = (
			);
			name = MoveTableView;
			productName = MoveTableView;
			productReference = 3DB2E61C206E2640001A07CB /* MoveTableView.app */;
			productType = "com.apple.product-type.application";
		};
/* End PBXNativeTarget section */

/* Begin PBXProject section */
		3DB2E614206E2640001A07CB /* Project object */ = {
			isa = PBXProject;
			attributes = {
				LastUpgradeCheck = 0920;
				ORGANIZATIONNAME = "文豪";
				TargetAttributes = {
					3DB2E61B206E2640001A07CB = {
						CreatedOnToolsVersion = 9.2;
						ProvisioningStyle = Automatic;
					};
				};
			};
			buildConfigurationList = 3DB2E617206E2640001A07CB /* Build configuration list for PBXProject "MoveTableView" */;
			compatibilityVersion = "Xcode 8.0";
			developmentRegion = en;
			hasScannedForEncodings = 0;
			knownRegions = (
				en,
				Base,
			);
			mainGroup = 3DB2E613206E2640001A07CB;
			productRefGroup = 3DB2E61D206E2640001A07CB /* Products */;
			projectDirPath = "";
			projectRoot = "";
			targets = (
				3DB2E61B206E2640001A07CB /* MoveTableView */,
			);
		};
/* End PBXProject section */

/* Begin PBXResourcesBuildPhase section */
		3DB2E61A206E2640001A07CB /* Resources */ = {
			isa = PBXResourcesBuildPhase;
			buildActionMask = 2147483647;
			files = (
				3DB2E62C206E2640001A07CB /* LaunchScreen.storyboard in Resources */,
				3DB2E629206E2640001A07CB /* Assets.xcassets in Resources */,
				3DB2E627206E2640001A07CB /* Main.storyboard in Resources */,
			);
			runOnlyForDeploymentPostprocessing = 0;
		};
/* End PBXResourcesBuildPhase section */

/* Begin PBXSourcesBuildPhase section */
		3DB2E618206E2640001A07CB /* Sources */ = {
			isa = PBXSourcesBuildPhase;
			buildActionMask = 2147483647;
			files = (
				3DB2E638206E26BE001A07CB /* HeroViewController.m in Sources */,
				3DB2E624206E2640001A07CB /* ViewController.m in Sources */,
				3DB2E62F206E2640001A07CB /* main.m in Sources */,
				3DB2E621206E2640001A07CB /* AppDelegate.m in Sources */,
				3DB2E63B206E2748001A07CB /* HeroModel.m in Sources */,
				3DB2E641206E2A3C001A07CB /* HeroSkinViewController.m in Sources */,
				3DB2E63E206E2916001A07CB /* HeroTableViewCell.m in Sources */,
			);
			runOnlyForDeploymentPostprocessing = 0;
		};
/* End PBXSourcesBuildPhase section */

/* Begin PBXVariantGroup section */
		3DB2E625206E2640001A07CB /* Main.storyboard */ = {
			isa = PBXVariantGroup;
			children = (
				3DB2E626206E2640001A07CB /* Base */,
			);
			name = Main.storyboard;
			sourceTree = "<group>";
		};
		3DB2E62A206E2640001A07CB /* LaunchScreen.storyboard */ = {
			isa = PBXVariantGroup;
			children = (
				3DB2E62B206E2640001A07CB /* Base */,
			);
			name = LaunchScreen.storyboard;
			sourceTree = "<group>";
		};
/* End PBXVariantGroup section */

/* Begin XCBuildConfiguration section */
		3DB2E630206E2640001A07CB /* Debug */ = {
			isa = XCBuildConfiguration;
			buildSettings = {
				ALWAYS_SEARCH_USER_PATHS = NO;
				CLANG_ANALYZER_NONNULL = YES;
				CLANG_ANALYZER_NUMBER_OBJECT_CONVERSION = YES_AGGRESSIVE;
				CLANG_CXX_LANGUAGE_STANDARD = "gnu++14";
				CLANG_CXX_LIBRARY = "libc++";
				CLANG_ENABLE_MODULES = YES;
				CLANG_ENABLE_OBJC_ARC = YES;
				CLANG_WARN_BLOCK_CAPTURE_AUTORELEASING = YES;
				CLANG_WARN_BOOL_CONVERSION = YES;
				CLANG_WARN_COMMA = YES;
				CLANG_WARN_CONSTANT_CONVERSION = YES;
				CLANG_WARN_DIRECT_OBJC_ISA_USAGE = YES_ERROR;
				CLANG_WARN_DOCUMENTATION_COMMENTS = YES;
				CLANG_WARN_EMPTY_BODY = YES;
				CLANG_WARN_ENUM_CONVERSION = YES;
				CLANG_WARN_INFINITE_RECURSION = YES;
				CLANG_WARN_INT_CONVERSION = YES;
				CLANG_WARN_NON_LITERAL_NULL_CONVERSION = YES;
				CLANG_WARN_OBJC_LITERAL_CONVERSION = YES;
				CLANG_WARN_OBJC_ROOT_CLASS = YES_ERROR;
				CLANG_WARN_RANGE_LOOP_ANALYSIS = YES;
				CLANG_WARN_STRICT_PROTOTYPES = YES;
				CLANG_WARN_SUSPICIOUS_MOVE = YES;
				CLANG_WARN_UNGUARDED_AVAILABILITY = YES_AGGRESSIVE;
				CLANG_WARN_UNREACHABLE_CODE = YES;
				CLANG_WARN__DUPLICATE_METHOD_MATCH = YES;
				CODE_SIGN_IDENTITY = "iPhone Developer";
				COPY_PHASE_STRIP = NO;
				DEBUG_INFORMATION_FORMAT = dwarf;
				ENABLE_STRICT_OBJC_MSGSEND = YES;
				ENABLE_TESTABILITY = YES;
				GCC_C_LANGUAGE_STANDARD = gnu11;
				GCC_DYNAMIC_NO_PIC = NO;
				GCC_NO_COMMON_BLOCKS = YES;
				GCC_OPTIMIZATION_LEVEL = 0;
				GCC_PREPROCESSOR_DEFINITIONS = (
					"DEBUG=1",
					"$(inherited)",
				);
				GCC_WARN_64_TO_32_BIT_CONVERSION = YES;
				GCC_WARN_ABOUT_RETURN_TYPE = YES_ERROR;
				GCC_WARN_UNDECLARED_SELECTOR = YES;
				GCC_WARN_UNINITIALIZED_AUTOS = YES_AGGRESSIVE;
				GCC_WARN_UNUSED_FUNCTION = YES;
				GCC_WARN_UNUSED_VARIABLE = YES;
				IPHONEOS_DEPLOYMENT_TARGET = 11.2;
				MTL_ENABLE_DEBUG_INFO = YES;
				ONLY_ACTIVE_ARCH = YES;
				SDKROOT = iphoneos;
			};
			name = Debug;
		};
		3DB2E631206E2640001A07CB /* Release */ = {
			isa = XCBuildConfiguration;
			buildSettings = {
				ALWAYS_SEARCH_USER_PATHS = NO;
				CLANG_ANALYZER_NONNULL = YES;
				CLANG_ANALYZER_NUMBER_OBJECT_CONVERSION = YES_AGGRESSIVE;
				CLANG_CXX_LANGUAGE_STANDARD = "gnu++14";
				CLANG_CXX_LIBRARY = "libc++";
				CLANG_ENABLE_MODULES = YES;
				CLANG_ENABLE_OBJC_ARC = YES;
				CLANG_WARN_BLOCK_CAPTURE_AUTORELEASING = YES;
				CLANG_WARN_BOOL_CONVERSION = YES;
				CLANG_WARN_COMMA = YES;
				CLANG_WARN_CONSTANT_CONVERSION = YES;
				CLANG_WARN_DIRECT_OBJC_ISA_USAGE = YES_ERROR;
				CLANG_WARN_DOCUMENTATION_COMMENTS = YES;
				CLANG_WARN_EMPTY_BODY = YES;
				CLANG_WARN_ENUM_CONVERSION = YES;
				CLANG_WARN_INFINITE_RECURSION = YES;
				CLANG_WARN_INT_CONVERSION = YES;
				CLANG_WARN_NON_LITERAL_NULL_CONVERSION = YES;
				CLANG_WARN_OBJC_LITERAL_CONVERSION = YES;
				CLANG_WARN_OBJC_ROOT_CLASS = YES_ERROR;
				CLANG_WARN_RANGE_LOOP_ANALYSIS = YES;
				CLANG_WARN_STRICT_PROTOTYPES = YES;
				CLANG_WARN_SUSPICIOUS_MOVE = YES;
				CLANG_WARN_UNGUARDED_AVAILABILITY = YES_AGGRESSIVE;
				CLANG_WARN_UNREACHABLE_CODE = YES;
				CLANG_WARN__DUPLICATE_METHOD_MATCH = YES;
				CODE_SIGN_IDENTITY = "iPhone Developer";
				COPY_PHASE_STRIP = NO;
				DEBUG_INFORMATION_FORMAT = "dwarf-with-dsym";
				ENABLE_NS_ASSERTIONS = NO;
				ENABLE_STRICT_OBJC_MSGSEND = YES;
				GCC_C_LANGUAGE_STANDARD = gnu11;
				GCC_NO_COMMON_BLOCKS = YES;
				GCC_WARN_64_TO_32_BIT_CONVERSION = YES;
				GCC_WARN_ABOUT_RETURN_TYPE = YES_ERROR;
				GCC_WARN_UNDECLARED_SELECTOR = YES;
				GCC_WARN_UNINITIALIZED_AUTOS = YES_AGGRESSIVE;
				GCC_WARN_UNUSED_FUNCTION = YES;
				GCC_WARN_UNUSED_VARIABLE = YES;
				IPHONEOS_DEPLOYMENT_TARGET = 11.2;
				MTL_ENABLE_DEBUG_INFO = NO;
				SDKROOT = iphoneos;
				VALIDATE_PRODUCT = YES;
			};
			name = Release;
		};
		3DB2E633206E2640001A07CB /* Debug */ = {
			isa = XCBuildConfiguration;
			buildSettings = {
				ASSETCATALOG_COMPILER_APPICON_NAME = AppIcon;
				CODE_SIGN_STYLE = Automatic;
				INFOPLIST_FILE = MoveTableView/Info.plist;
				IPHONEOS_DEPLOYMENT_TARGET = 8.0;
				LD_RUNPATH_SEARCH_PATHS = "$(inherited) @executable_path/Frameworks";
				PRODUCT_BUNDLE_IDENTIFIER = com.goodLuck.MoveTableView;
				PRODUCT_NAME = "$(TARGET_NAME)";
				TARGETED_DEVICE_FAMILY = "1,2";
			};
			name = Debug;
		};
		3DB2E634206E2640001A07CB /* Release */ = {
			isa = XCBuildConfiguration;
			buildSettings = {
				ASSETCATALOG_COMPILER_APPICON_NAME = AppIcon;
				CODE_SIGN_STYLE = Automatic;
				INFOPLIST_FILE = MoveTableView/Info.plist;
				IPHONEOS_DEPLOYMENT_TARGET = 8.0;
				LD_RUNPATH_SEARCH_PATHS = "$(inherited) @executable_path/Frameworks";
				PRODUCT_BUNDLE_IDENTIFIER = com.goodLuck.MoveTableView;
				PRODUCT_NAME = "$(TARGET_NAME)";
				TARGETED_DEVICE_FAMILY = "1,2";
			};
			name = Release;
		};
/* End XCBuildConfiguration section */

/* Begin XCConfigurationList section */
		3DB2E617206E2640001A07CB /* Build configuration list for PBXProject "MoveTableView" */ = {
			isa = XCConfigurationList;
			buildConfigurations = (
				3DB2E630206E2640001A07CB /* Debug */,
				3DB2E631206E2640001A07CB /* Release */,
			);
			defaultConfigurationIsVisible = 0;
			defaultConfigurationName = Release;
		};
		3DB2E632206E2640001A07CB /* Build configuration list for PBXNativeTarget "MoveTableView" */ = {
			isa = XCConfigurationList;
			buildConfigurations = (
				3DB2E633206E2640001A07CB /* Debug */,
				3DB2E634206E2640001A07CB /* Release */,
			);
			defaultConfigurationIsVisible = 0;
			defaultConfigurationName = Release;
		};
/* End XCConfigurationList section */
	};
	rootObject = 3DB2E614206E2640001A07CB /* Project object */;
}
